{
    "name": "1-billion-row-challenge",
    "version": "1.0.0",
    "lockfileVersion": 3,
    "requires": true,
    "packages": {
        "": {
            "name": "1-billion-row-challenge",
            "version": "1.0.0",
            "license": "Artistic-2.0",
            "devDependencies": {}
        }
    }
}
